{
  "nodes": {
    "GSL": {
      "flake": false,
      "locked": {
        "narHash": "sha256-+AVXl3H3oYh0sAK/ripPOWoEszhFooe1hcGfmd0Qnrs=",
        "type": "file",
        "url": "https://github.com/Microsoft/GSL.git"
      },
      "original": {
        "type": "file",
        "url": "https://github.com/Microsoft/GSL.git"
      }
    },
    "QR": {
      "flake": false,
      "locked": {
        "narHash": "sha256-K3vo0mjoHwc2Oog44l64iHnyPBHJlIu0fYEWwk/FYko=",
        "type": "file",
        "url": "https://github.com/nayuki/QR-Code-generator"
      },
      "original": {
        "type": "file",
        "url": "https://github.com/nayuki/QR-Code-generator"
      }
    },
    "cld3": {
      "flake": false,
      "locked": {
        "narHash": "sha256-0oL1gze47Zt1kURWrL8yjne9KmLCsp5e28MrIccupUs=",
        "type": "file",
        "url": "https://github.com/google/cld3.git"
      },
      "original": {
        "type": "file",
        "url": "https://github.com/google/cld3.git"
      }
    },
    "cmake": {
      "flake": false,
      "locked": {
        "narHash": "sha256-AU69dtLWUbjh/EABbkiy5qocEZk5xxjnsB9wrHa1W6o=",
        "type": "file",
        "url": "https://github.com/desktop-app/cmake_helpers.git"
      },
      "original": {
        "type": "file",
        "url": "https://github.com/desktop-app/cmake_helpers.git"
      }
    },
    "codegen": {
      "flake": false,
      "locked": {
        "narHash": "sha256-OClMgSG/mIHzmgrTzhunv4g9Et/1YiDa/W7lZc0WNa8=",
        "type": "file",
        "url": "https://github.com/desktop-app/codegen.git"
      },
      "original": {
        "type": "file",
        "url": "https://github.com/desktop-app/codegen.git"
      }
    },
    "devshell": {
      "inputs": {
        "nixpkgs": "nixpkgs"
      },
      "locked": {
        "lastModified": 1741473158,
        "narHash": "sha256-kWNaq6wQUbUMlPgw8Y+9/9wP0F8SHkjy24/mN3UAppg=",
        "owner": "numtide",
        "repo": "devshell",
        "rev": "7c9e793ebe66bcba8292989a68c0419b737a22a0",
        "type": "github"
      },
      "original": {
        "owner": "numtide",
        "repo": "devshell",
        "type": "github"
      }
    },
    "dispatch": {
      "flake": false,
      "locked": {
        "narHash": "sha256-+dcfRFS/MkjOuGysxnwon683+N7o+bIl6zFCRR+VILw=",
        "type": "file",
        "url": "https://github.com/apple/swift-corelibs-libdispatch"
      },
      "original": {
        "type": "file",
        "url": "https://github.com/apple/swift-corelibs-libdispatch"
      }
    },
    "expected": {
      "flake": false,
      "locked": {
        "narHash": "sha256-yL7dO7Tcuo/YnKa+9D8zXbAxJgvBeIj4d9erNJ11znE=",
        "type": "file",
        "url": "https://github.com/TartanLlama/expected"
      },
      "original": {
        "type": "file",
        "url": "https://github.com/TartanLlama/expected"
      }
    },
    "fcitx5-qt": {
      "flake": false,
      "locked": {
        "narHash": "sha256-Nzqb2yhIbxi5RT+m9Dz9cDcMcpWRThPc0Si+oAbHeEk=",
        "type": "file",
        "url": "https://github.com/fcitx/fcitx5-qt.git"
      },
      "original": {
        "type": "file",
        "url": "https://github.com/fcitx/fcitx5-qt.git"
      }
    },
    "flake-utils": {
      "inputs": {
        "systems": "systems"
      },
      "locked": {
        "lastModified": 1731533236,
        "narHash": "sha256-l0KFg5HjrsfsO/JpG+r7fRrqm12kzFHyUHqHCVpMMbI=",
        "owner": "numtide",
        "repo": "flake-utils",
        "rev": "11707dc2f618dd54ca8739b309ec4fc024de578b",
        "type": "github"
      },
      "original": {
        "owner": "numtide",
        "repo": "flake-utils",
        "type": "github"
      }
    },
    "hime": {
      "flake": false,
      "locked": {
        "narHash": "sha256-S1xeILbGvFBh1kQJQ55+gxzqRl4ylwAB8RR3m9DKF9M=",
        "type": "file",
        "url": "https://github.com/hime-ime/hime.git"
      },
      "original": {
        "type": "file",
        "url": "https://github.com/hime-ime/hime.git"
      }
    },
    "hunspell": {
      "flake": false,
      "locked": {
        "narHash": "sha256-+yzSNKZo1eHuT+awc8v2g6ywc1y+0J28NnXWkeSnkEU=",
        "type": "file",
        "url": "https://github.com/hunspell/hunspell"
      },
      "original": {
        "type": "file",
        "url": "https://github.com/hunspell/hunspell"
      }
    },
    "jemalloc": {
      "flake": false,
      "locked": {
        "narHash": "sha256-cIUC3muA3FGqYCEx4XSQlIF77asN4i1yR/6I18c+ahs=",
        "type": "file",
        "url": "https://github.com/jemalloc/jemalloc"
      },
      "original": {
        "type": "file",
        "url": "https://github.com/jemalloc/jemalloc"
      }
    },
    "kcoreaddons": {
      "flake": false,
      "locked": {
        "narHash": "sha256-O9Bzf5EC5ZZYFM6AJy69hwkuG2Sqv0P8RyLm7oL2/bw=",
        "type": "file",
        "url": "https://github.com/KDE/kcoreaddons.git"
      },
      "original": {
        "type": "file",
        "url": "https://github.com/KDE/kcoreaddons.git"
      }
    },
    "kimageformats": {
      "flake": false,
      "locked": {
        "narHash": "sha256-Z7ocYoTrbsCGBln8baF4ykbRXszsNtY/TP/7WM+TeK4=",
        "type": "file",
        "url": "https://github.com/KDE/kimageformats.git"
      },
      "original": {
        "type": "file",
        "url": "https://github.com/KDE/kimageformats.git"
      }
    },
    "lib_base": {
      "flake": false,
      "locked": {
        "narHash": "sha256-6oxAxYzAy33NDwjUh1i+DaZgLOrST9qP4wbjv27hVa8=",
        "type": "file",
        "url": "https://github.com/desktop-app/lib_base.git"
      },
      "original": {
        "type": "file",
        "url": "https://github.com/desktop-app/lib_base.git"
      }
    },
    "lib_crl": {
      "flake": false,
      "locked": {
        "narHash": "sha256-zzh3t2lzFVs57TJhL6/KzXWjGCQG1NGausqPNZFDHkc=",
        "type": "file",
        "url": "https://github.com/desktop-app/lib_crl.git"
      },
      "original": {
        "type": "file",
        "url": "https://github.com/desktop-app/lib_crl.git"
      }
    },
    "lib_lottie": {
      "flake": false,
      "locked": {
        "narHash": "sha256-5aoHpygVp+BCn93Axnq27ezX+HT2x8+O2tnu04apSVw=",
        "type": "file",
        "url": "https://github.com/desktop-app/lib_lottie.git"
      },
      "original": {
        "type": "file",
        "url": "https://github.com/desktop-app/lib_lottie.git"
      }
    },
    "lib_qr": {
      "flake": false,
      "locked": {
        "narHash": "sha256-41tbxdY3PUK6BlazosxXl6T4gXIdHarXgn9Dq1QtyCY=",
        "type": "file",
        "url": "https://github.com/desktop-app/lib_qr.git"
      },
      "original": {
        "type": "file",
        "url": "https://github.com/desktop-app/lib_qr.git"
      }
    },
    "lib_rpl": {
      "flake": false,
      "locked": {
        "narHash": "sha256-/7r9yJdoJly40K5jMSsLPx6/NiRCbvd+JBWMRXQLTsg=",
        "type": "file",
        "url": "https://github.com/desktop-app/lib_rpl.git"
      },
      "original": {
        "type": "file",
        "url": "https://github.com/desktop-app/lib_rpl.git"
      }
    },
    "lib_spellcheck": {
      "flake": false,
      "locked": {
        "narHash": "sha256-rNdvR6UFlqh56BHiFDekHXWq3Jf3S/zbcibW+vjDLt0=",
        "type": "file",
        "url": "https://github.com/desktop-app/lib_spellcheck"
      },
      "original": {
        "type": "file",
        "url": "https://github.com/desktop-app/lib_spellcheck"
      }
    },
    "lib_storage": {
      "flake": false,
      "locked": {
        "narHash": "sha256-650jOPhyUFJR1FGZ0H0pEA7v8gVdl36fWbk6KFr8iz0=",
        "type": "file",
        "url": "https://github.com/desktop-app/lib_storage.git"
      },
      "original": {
        "type": "file",
        "url": "https://github.com/desktop-app/lib_storage.git"
      }
    },
    "lib_tl": {
      "flake": false,
      "locked": {
        "narHash": "sha256-R/ycxvf5s8OYI9SktRT7z/r4dLZ1d+9PGvxnC0U+kms=",
        "type": "file",
        "url": "https://github.com/desktop-app/lib_tl.git"
      },
      "original": {
        "type": "file",
        "url": "https://github.com/desktop-app/lib_tl.git"
      }
    },
    "lib_ui": {
      "flake": false,
      "locked": {
        "narHash": "sha256-ecQ+RaKYQZu6Sek3IER39sdoNOkvJb+ZOAEPbL21fVA=",
        "type": "file",
        "url": "https://github.com/desktop-app/lib_ui.git"
      },
      "original": {
        "type": "file",
        "url": "https://github.com/desktop-app/lib_ui.git"
      }
    },
    "lib_webrtc": {
      "flake": false,
      "locked": {
        "narHash": "sha256-8dJqt3Ojqamm/u5hklveEKv805UoSLCIFTc6gtJTsXU=",
        "type": "file",
        "url": "https://github.com/desktop-app/lib_webrtc.git"
      },
      "original": {
        "type": "file",
        "url": "https://github.com/desktop-app/lib_webrtc.git"
      }
    },
    "lib_webview": {
      "flake": false,
      "locked": {
        "narHash": "sha256-E41tXajtPx3wgPJxsutp9cUTWO7EHNFGY+BUaCXKgLU=",
        "type": "file",
        "url": "https://github.com/desktop-app/lib_webview.git"
      },
      "original": {
        "type": "file",
        "url": "https://github.com/desktop-app/lib_webview.git"
      }
    },
    "libprisma": {
      "flake": false,
      "locked": {
        "narHash": "sha256-PtSAqb0RHW38GLFvo4XnERsS+Ml0HiYIAfWfTzAXoKc=",
        "type": "file",
        "url": "https://github.com/desktop-app/libprisma.git"
      },
      "original": {
        "type": "file",
        "url": "https://github.com/desktop-app/libprisma.git"
      }
    },
    "libtgvoip": {
      "flake": false,
      "locked": {
        "narHash": "sha256-wcPlye2dp1Zukw+D+YylyEf1H9+gYtfz+5d4D5csZIk=",
        "type": "file",
        "url": "https://github.com/telegramdesktop/libtgvoip"
      },
      "original": {
        "type": "file",
        "url": "https://github.com/telegramdesktop/libtgvoip"
      }
    },
    "lz4": {
      "flake": false,
      "locked": {
        "narHash": "sha256-Gl3ZIrm64EEXBkYR4+NqXD7gSbtV3M6F1q3bAJ3kEfk=",
        "type": "file",
        "url": "https://github.com/lz4/lz4.git"
      },
      "original": {
        "type": "file",
        "url": "https://github.com/lz4/lz4.git"
      }
    },
    "nimf": {
      "flake": false,
      "locked": {
        "narHash": "sha256-FAsFqfNZ/UMPCDNDGzSinFWuN+HXuhyS4dB0G0UPvfQ=",
        "type": "file",
        "url": "https://github.com/hamonikr/nimf.git"
      },
      "original": {
        "type": "file",
        "url": "https://github.com/hamonikr/nimf.git"
      }
    },
    "nixpkgs": {
      "locked": {
        "lastModified": 1722073938,
        "narHash": "sha256-OpX0StkL8vpXyWOGUD6G+MA26wAXK6SpT94kLJXo6B4=",
        "owner": "NixOS",
        "repo": "nixpkgs",
        "rev": "e36e9f57337d0ff0cf77aceb58af4c805472bfae",
        "type": "github"
      },
      "original": {
        "owner": "NixOS",
        "ref": "nixpkgs-unstable",
        "repo": "nixpkgs",
        "type": "github"
      }
    },
    "nixpkgs_2": {
      "locked": {
        "lastModified": 1743827369,
        "narHash": "sha256-rpqepOZ8Eo1zg+KJeWoq1HAOgoMCDloqv5r2EAa9TSA=",
        "owner": "NixOS",
        "repo": "nixpkgs",
        "rev": "42a1c966be226125b48c384171c44c651c236c22",
        "type": "github"
      },
      "original": {
        "id": "nixpkgs",
        "ref": "nixos-unstable",
        "type": "indirect"
      }
    },
    "range-v3": {
      "flake": false,
      "locked": {
        "narHash": "sha256-x6/XXoXLPBbpTLXPF65OlyzPI6hbSLuaZXCjLRKLI4E=",
        "type": "file",
        "url": "https://github.com/ericniebler/range-v3.git"
      },
      "original": {
        "type": "file",
        "url": "https://github.com/ericniebler/range-v3.git"
      }
    },
    "rlottie": {
      "flake": false,
      "locked": {
        "narHash": "sha256-lIeTn72QAqKV83f7Dm9Pdy5fGEzbHB5Tt+gWtCgvu7Y=",
        "type": "file",
        "url": "https://github.com/desktop-app/rlottie.git"
      },
      "original": {
        "type": "file",
        "url": "https://github.com/desktop-app/rlottie.git"
      }
    },
    "root": {
      "inputs": {
        "GSL": "GSL",
        "QR": "QR",
        "cld3": "cld3",
        "cmake": "cmake",
        "codegen": "codegen",
        "devshell": "devshell",
        "dispatch": "dispatch",
        "expected": "expected",
        "fcitx5-qt": "fcitx5-qt",
        "flake-utils": "flake-utils",
        "hime": "hime",
        "hunspell": "hunspell",
        "jemalloc": "jemalloc",
        "kcoreaddons": "kcoreaddons",
        "kimageformats": "kimageformats",
        "lib_base": "lib_base",
        "lib_crl": "lib_crl",
        "lib_lottie": "lib_lottie",
        "lib_qr": "lib_qr",
        "lib_rpl": "lib_rpl",
        "lib_spellcheck": "lib_spellcheck",
        "lib_storage": "lib_storage",
        "lib_tl": "lib_tl",
        "lib_ui": "lib_ui",
        "lib_webrtc": "lib_webrtc",
        "lib_webview": "lib_webview",
        "libprisma": "libprisma",
        "libtgvoip": "libtgvoip",
        "lz4": "lz4",
        "nimf": "nimf",
        "nixpkgs": "nixpkgs_2",
        "range-v3": "range-v3",
        "rlottie": "rlottie",
        "tgcalls": "tgcalls",
        "xdg-desktop-portal": "xdg-desktop-portal",
        "xxHash": "xxHash"
      }
    },
    "systems": {
      "locked": {
        "lastModified": 1681028828,
        "narHash": "sha256-Vy1rq5AaRuLzOxct8nz4T6wlgyUR7zLU309k9mBC768=",
        "owner": "nix-systems",
        "repo": "default",
        "rev": "da67096a3b9bf56a91d16901293e51ba5b49a27e",
        "type": "github"
      },
      "original": {
        "owner": "nix-systems",
        "repo": "default",
        "type": "github"
      }
    },
    "tgcalls": {
      "flake": false,
      "locked": {
        "narHash": "sha256-4RCWrkmk89hhea+Lx8tjNdDO7SABaHGirJUeG5v77WY=",
        "type": "file",
        "url": "https://github.com/TelegramMessenger/tgcalls.git"
      },
      "original": {
        "type": "file",
        "url": "https://github.com/TelegramMessenger/tgcalls.git"
      }
    },
    "xdg-desktop-portal": {
      "flake": false,
      "locked": {
        "narHash": "sha256-92xAwS6jZGB5Yo3g38ebqnuPkqTMCIYIVHNvmc9WV48=",
        "type": "file",
        "url": "https://github.com/flatpak/xdg-desktop-portal.git"
      },
      "original": {
        "type": "file",
        "url": "https://github.com/flatpak/xdg-desktop-portal.git"
      }
    },
    "xxHash": {
      "flake": false,
      "locked": {
        "narHash": "sha256-hfIa69flWLtv7Iw7W24NRMkcguehsZGOEnsl2L/YML4=",
        "type": "file",
        "url": "https://github.com/Cyan4973/xxHash.git"
      },
      "original": {
        "type": "file",
        "url": "https://github.com/Cyan4973/xxHash.git"
      }
    }
  },
  "root": "root",
  "version": 7
}
